// !$*UTF8*$!
{
	archiveVersion = 1;
	classes = {
	};
	objectVersion = 46;
	objects = {

/* Begin PBXBuildFile section */
		29DFA9EFC676F9AF79C96774 /* libPods.a in Frameworks */ = {isa = PBXBuildFile; fileRef = ECDBFFEF10147C2B908AB1EE /* libPods.a */; };
		3B4293141AC38E830064B38F /* UIImage+Rotation.swift in Sources */ = {isa = PBXBuildFile; fileRef = 3B4293131AC38E830064B38F /* UIImage+Rotation.swift */; };
		3B6F54911A9CD51E008F6508 /* AppDelegate.swift in Sources */ = {isa = PBXBuildFile; fileRef = 3B6F54901A9CD51E008F6508 /* AppDelegate.swift */; };
		3B6F54931A9CD51E008F6508 /* ViewController.swift in Sources */ = {isa = PBXBuildFile; fileRef = 3B6F54921A9CD51E008F6508 /* ViewController.swift */; };
		3B6F54961A9CD51E008F6508 /* Main.storyboard in Resources */ = {isa = PBXBuildFile; fileRef = 3B6F54941A9CD51E008F6508 /* Main.storyboard */; };
		3B6F54981A9CD51E008F6508 /* Images.xcassets in Resources */ = {isa = PBXBuildFile; fileRef = 3B6F54971A9CD51E008F6508 /* Images.xcassets */; };
		3B6F549B1A9CD51E008F6508 /* LaunchScreen.xib in Resources */ = {isa = PBXBuildFile; fileRef = 3B6F54991A9CD51E008F6508 /* LaunchScreen.xib */; };
		3B6F54A71A9CD51F008F6508 /* Reviewify_MVPTests.swift in Sources */ = {isa = PBXBuildFile; fileRef = 3B6F54A61A9CD51F008F6508 /* Reviewify_MVPTests.swift */; };
		3B6F54B11A9CD64A008F6508 /* UIColor+Extension.swift in Sources */ = {isa = PBXBuildFile; fileRef = 3B6F54B01A9CD64A008F6508 /* UIColor+Extension.swift */; };
		3B6F54B31A9CD92F008F6508 /* ReviewViewController.swift in Sources */ = {isa = PBXBuildFile; fileRef = 3B6F54B21A9CD92F008F6508 /* ReviewViewController.swift */; };
		3B6F54DB1A9CE4C9008F6508 /* String+Extension.swift in Sources */ = {isa = PBXBuildFile; fileRef = 3B6F54DA1A9CE4C9008F6508 /* String+Extension.swift */; };
		3B88D33D1AA0D27D0054388D /* ASStarRatingView.m in Sources */ = {isa = PBXBuildFile; fileRef = 3B88D33C1AA0D27D0054388D /* ASStarRatingView.m */; };
		3BDF0F201ABB63F200120564 /* tessdata in Resources */ = {isa = PBXBuildFile; fileRef = 3BDF0F1F1ABB63F200120564 /* tessdata */; };
		3BDF0F291ABBB4D600120564 /* Screen Shot 2015-03-19 at 9.52.02 PM.png in Resources */ = {isa = PBXBuildFile; fileRef = 3BDF0F281ABBB4D600120564 /* Screen Shot 2015-03-19 at 9.52.02 PM.png */; };
/* End PBXBuildFile section */

/* Begin PBXContainerItemProxy section */
		3B6F54A11A9CD51F008F6508 /* PBXContainerItemProxy */ = {
			isa = PBXContainerItemProxy;
			containerPortal = 3B6F54831A9CD51E008F6508 /* Project object */;
			proxyType = 1;
			remoteGlobalIDString = 3B6F548A1A9CD51E008F6508;
			remoteInfo = "Reviewify MVP";
		};
/* End PBXContainerItemProxy section */

/* Begin PBXFileReference section */
		3B4293131AC38E830064B38F /* UIImage+Rotation.swift */ = {isa = PBXFileReference; fileEncoding = 4; lastKnownFileType = sourcecode.swift; path = "UIImage+Rotation.swift"; sourceTree = "<group>"; };
		3B6F548B1A9CD51E008F6508 /* Reviewify MVP.app */ = {isa = PBXFileReference; explicitFileType = wrapper.application; includeInIndex = 0; path = "Reviewify MVP.app"; sourceTree = BUILT_PRODUCTS_DIR; };
		3B6F548F1A9CD51E008F6508 /* Info.plist */ = {isa = PBXFileReference; lastKnownFileType = text.plist.xml; path = Info.plist; sourceTree = "<group>"; };
		3B6F54901A9CD51E008F6508 /* AppDelegate.swift */ = {isa = PBXFileReference; lastKnownFileType = sourcecode.swift; path = AppDelegate.swift; sourceTree = "<group>"; };
		3B6F54921A9CD51E008F6508 /* ViewController.swift */ = {isa = PBXFileReference; lastKnownFileType = sourcecode.swift; path = ViewController.swift; sourceTree = "<group>"; };
		3B6F54951A9CD51E008F6508 /* Base */ = {isa = PBXFileReference; lastKnownFileType = file.storyboard; name = Base; path = Base.lproj/Main.storyboard; sourceTree = "<group>"; };
		3B6F54971A9CD51E008F6508 /* Images.xcassets */ = {isa = PBXFileReference; lastKnownFileType = folder.assetcatalog; path = Images.xcassets; sourceTree = "<group>"; };
		3B6F549A1A9CD51E008F6508 /* Base */ = {isa = PBXFileReference; lastKnownFileType = file.xib; name = Base; path = Base.lproj/LaunchScreen.xib; sourceTree = "<group>"; };
		3B6F54A01A9CD51F008F6508 /* Reviewify MVPTests.xctest */ = {isa = PBXFileReference; explicitFileType = wrapper.cfbundle; includeInIndex = 0; path = "Reviewify MVPTests.xctest"; sourceTree = BUILT_PRODUCTS_DIR; };
		3B6F54A51A9CD51F008F6508 /* Info.plist */ = {isa = PBXFileReference; lastKnownFileType = text.plist.xml; path = Info.plist; sourceTree = "<group>"; };
		3B6F54A61A9CD51F008F6508 /* Reviewify_MVPTests.swift */ = {isa = PBXFileReference; lastKnownFileType = sourcecode.swift; path = Reviewify_MVPTests.swift; sourceTree = "<group>"; };
		3B6F54B01A9CD64A008F6508 /* UIColor+Extension.swift */ = {isa = PBXFileReference; fileEncoding = 4; lastKnownFileType = sourcecode.swift; path = "UIColor+Extension.swift"; sourceTree = "<group>"; };
		3B6F54B21A9CD92F008F6508 /* ReviewViewController.swift */ = {isa = PBXFileReference; fileEncoding = 4; lastKnownFileType = sourcecode.swift; path = ReviewViewController.swift; sourceTree = "<group>"; };
		3B6F54DA1A9CE4C9008F6508 /* String+Extension.swift */ = {isa = PBXFileReference; fileEncoding = 4; lastKnownFileType = sourcecode.swift; path = "String+Extension.swift"; sourceTree = "<group>"; };
		3B88D33B1AA0D27D0054388D /* ASStarRatingView.h */ = {isa = PBXFileReference; fileEncoding = 4; lastKnownFileType = sourcecode.c.h; path = ASStarRatingView.h; sourceTree = "<group>"; };
		3B88D33C1AA0D27D0054388D /* ASStarRatingView.m */ = {isa = PBXFileReference; fileEncoding = 4; lastKnownFileType = sourcecode.c.objc; path = ASStarRatingView.m; sourceTree = "<group>"; };
		3B9F32F71A9E830B005C6E8A /* Reviewify MVP-Bridging-Header.h */ = {isa = PBXFileReference; fileEncoding = 4; lastKnownFileType = sourcecode.c.h; path = "Reviewify MVP-Bridging-Header.h"; sourceTree = "<group>"; };
		3BDF0F1F1ABB63F200120564 /* tessdata */ = {isa = PBXFileReference; lastKnownFileType = folder; name = tessdata; path = "../../../../Downloads/tesseract-ocr/tessdata"; sourceTree = "<group>"; };
		3BDF0F281ABBB4D600120564 /* Screen Shot 2015-03-19 at 9.52.02 PM.png */ = {isa = PBXFileReference; lastKnownFileType = image.png; path = "Screen Shot 2015-03-19 at 9.52.02 PM.png"; sourceTree = "<group>"; };
		B29C8D25CF4DBF4FE3B8B94B /* Pods.release.xcconfig */ = {isa = PBXFileReference; includeInIndex = 1; lastKnownFileType = text.xcconfig; name = Pods.release.xcconfig; path = "Pods/Target Support Files/Pods/Pods.release.xcconfig"; sourceTree = "<group>"; };
		C9AF4DA62E1422BC486CCE67 /* Pods.debug.xcconfig */ = {isa = PBXFileReference; includeInIndex = 1; lastKnownFileType = text.xcconfig; name = Pods.debug.xcconfig; path = "Pods/Target Support Files/Pods/Pods.debug.xcconfig"; sourceTree = "<group>"; };
		ECDBFFEF10147C2B908AB1EE /* libPods.a */ = {isa = PBXFileReference; explicitFileType = archive.ar; includeInIndex = 0; path = libPods.a; sourceTree = BUILT_PRODUCTS_DIR; };
/* End PBXFileReference section */

/* Begin PBXFrameworksBuildPhase section */
		3B6F54881A9CD51E008F6508 /* Frameworks */ = {
			isa = PBXFrameworksBuildPhase;
			buildActionMask = 2147483647;
			files = (
				29DFA9EFC676F9AF79C96774 /* libPods.a in Frameworks */,
			);
			runOnlyForDeploymentPostprocessing = 0;
		};
		3B6F549D1A9CD51F008F6508 /* Frameworks */ = {
			isa = PBXFrameworksBuildPhase;
			buildActionMask = 2147483647;
			files = (
			);
			runOnlyForDeploymentPostprocessing = 0;
		};
/* End PBXFrameworksBuildPhase section */

/* Begin PBXGroup section */
		3B4293151AC3918A0064B38F /* Extensions */ = {
			isa = PBXGroup;
			children = (
				3B6F54B01A9CD64A008F6508 /* UIColor+Extension.swift */,
				3B4293131AC38E830064B38F /* UIImage+Rotation.swift */,
			);
			name = Extensions;
			sourceTree = "<group>";
		};
		3B6F54821A9CD51E008F6508 = {
			isa = PBXGroup;
			children = (
				3B6F548D1A9CD51E008F6508 /* Reviewify MVP */,
				3B6F54A31A9CD51F008F6508 /* Reviewify MVPTests */,
				3B6F548C1A9CD51E008F6508 /* Products */,
				C5330284D7925E9A9436FCEB /* Pods */,
				B5BD519055BEA21A91D8C32D /* Frameworks */,
			);
			sourceTree = "<group>";
		};
		3B6F548C1A9CD51E008F6508 /* Products */ = {
			isa = PBXGroup;
			children = (
				3B6F548B1A9CD51E008F6508 /* Reviewify MVP.app */,
				3B6F54A01A9CD51F008F6508 /* Reviewify MVPTests.xctest */,
			);
			name = Products;
			sourceTree = "<group>";
		};
		3B6F548D1A9CD51E008F6508 /* Reviewify MVP */ = {
			isa = PBXGroup;
			children = (
				3B6F54901A9CD51E008F6508 /* AppDelegate.swift */,
				3B6F54921A9CD51E008F6508 /* ViewController.swift */,
				3B6F54B21A9CD92F008F6508 /* ReviewViewController.swift */,
				3B6F54DA1A9CE4C9008F6508 /* String+Extension.swift */,
				3B6F54941A9CD51E008F6508 /* Main.storyboard */,
				3B88D33B1AA0D27D0054388D /* ASStarRatingView.h */,
				3B88D33C1AA0D27D0054388D /* ASStarRatingView.m */,
				3B6F54971A9CD51E008F6508 /* Images.xcassets */,
				3B6F54991A9CD51E008F6508 /* LaunchScreen.xib */,
				3B9F32F71A9E830B005C6E8A /* Reviewify MVP-Bridging-Header.h */,
				3B4293151AC3918A0064B38F /* Extensions */,
				3BDF0F2A1ABBB73B00120564 /* ImageToText */,
				3B6F548E1A9CD51E008F6508 /* Supporting Files */,
			);
			path = "Reviewify MVP";
			sourceTree = "<group>";
		};
		3B6F548E1A9CD51E008F6508 /* Supporting Files */ = {
			isa = PBXGroup;
			children = (
				3BDF0F281ABBB4D600120564 /* Screen Shot 2015-03-19 at 9.52.02 PM.png */,
				3B6F548F1A9CD51E008F6508 /* Info.plist */,
			);
			name = "Supporting Files";
			sourceTree = "<group>";
		};
		3B6F54A31A9CD51F008F6508 /* Reviewify MVPTests */ = {
			isa = PBXGroup;
			children = (
				3B6F54A61A9CD51F008F6508 /* Reviewify_MVPTests.swift */,
				3B6F54A41A9CD51F008F6508 /* Supporting Files */,
			);
			path = "Reviewify MVPTests";
			sourceTree = "<group>";
		};
		3B6F54A41A9CD51F008F6508 /* Supporting Files */ = {
			isa = PBXGroup;
			children = (
				3B6F54A51A9CD51F008F6508 /* Info.plist */,
			);
			name = "Supporting Files";
			sourceTree = "<group>";
		};
		3BDF0F2A1ABBB73B00120564 /* ImageToText */ = {
			isa = PBXGroup;
			children = (
				3BDF0F1F1ABB63F200120564 /* tessdata */,
			);
			name = ImageToText;
			sourceTree = "<group>";
		};
		B5BD519055BEA21A91D8C32D /* Frameworks */ = {
			isa = PBXGroup;
			children = (
				ECDBFFEF10147C2B908AB1EE /* libPods.a */,
			);
			name = Frameworks;
			sourceTree = "<group>";
		};
		C5330284D7925E9A9436FCEB /* Pods */ = {
			isa = PBXGroup;
			children = (
				C9AF4DA62E1422BC486CCE67 /* Pods.debug.xcconfig */,
				B29C8D25CF4DBF4FE3B8B94B /* Pods.release.xcconfig */,
			);
			name = Pods;
			sourceTree = "<group>";
		};
/* End PBXGroup section */

/* Begin PBXNativeTarget section */
		3B6F548A1A9CD51E008F6508 /* Reviewify MVP */ = {
			isa = PBXNativeTarget;
			buildConfigurationList = 3B6F54AA1A9CD51F008F6508 /* Build configuration list for PBXNativeTarget "Reviewify MVP" */;
			buildPhases = (
				028330F04E9ABFBE72ADE646 /* Check Pods Manifest.lock */,
				3B6F54871A9CD51E008F6508 /* Sources */,
				3B6F54881A9CD51E008F6508 /* Frameworks */,
				3B6F54891A9CD51E008F6508 /* Resources */,
				82C57329E5F3460A09AB56F9 /* Copy Pods Resources */,
			);
			buildRules = (
			);
			dependencies = (
			);
			name = "Reviewify MVP";
			productName = "Reviewify MVP";
			productReference = 3B6F548B1A9CD51E008F6508 /* Reviewify MVP.app */;
			productType = "com.apple.product-type.application";
		};
		3B6F549F1A9CD51F008F6508 /* Reviewify MVPTests */ = {
			isa = PBXNativeTarget;
			buildConfigurationList = 3B6F54AD1A9CD51F008F6508 /* Build configuration list for PBXNativeTarget "Reviewify MVPTests" */;
			buildPhases = (
				3B6F549C1A9CD51F008F6508 /* Sources */,
				3B6F549D1A9CD51F008F6508 /* Frameworks */,
				3B6F549E1A9CD51F008F6508 /* Resources */,
			);
			buildRules = (
			);
			dependencies = (
				3B6F54A21A9CD51F008F6508 /* PBXTargetDependency */,
			);
			name = "Reviewify MVPTests";
			productName = "Reviewify MVPTests";
			productReference = 3B6F54A01A9CD51F008F6508 /* Reviewify MVPTests.xctest */;
			productType = "com.apple.product-type.bundle.unit-test";
		};
/* End PBXNativeTarget section */

/* Begin PBXProject section */
		3B6F54831A9CD51E008F6508 /* Project object */ = {
			isa = PBXProject;
			attributes = {
				LastUpgradeCheck = 0610;
				ORGANIZATIONNAME = "Bryce Langlotz";
				TargetAttributes = {
					3B6F548A1A9CD51E008F6508 = {
						CreatedOnToolsVersion = 6.1.1;
					};
					3B6F549F1A9CD51F008F6508 = {
						CreatedOnToolsVersion = 6.1.1;
						TestTargetID = 3B6F548A1A9CD51E008F6508;
					};
				};
			};
			buildConfigurationList = 3B6F54861A9CD51E008F6508 /* Build configuration list for PBXProject "Reviewify MVP" */;
			compatibilityVersion = "Xcode 3.2";
			developmentRegion = English;
			hasScannedForEncodings = 0;
			knownRegions = (
				en,
				Base,
			);
			mainGroup = 3B6F54821A9CD51E008F6508;
			productRefGroup = 3B6F548C1A9CD51E008F6508 /* Products */;
			projectDirPath = "";
			projectRoot = "";
			targets = (
				3B6F548A1A9CD51E008F6508 /* Reviewify MVP */,
				3B6F549F1A9CD51F008F6508 /* Reviewify MVPTests */,
			);
		};
/* End PBXProject section */

/* Begin PBXResourcesBuildPhase section */
		3B6F54891A9CD51E008F6508 /* Resources */ = {
			isa = PBXResourcesBuildPhase;
			buildActionMask = 2147483647;
			files = (
				3B6F54961A9CD51E008F6508 /* Main.storyboard in Resources */,
				3BDF0F201ABB63F200120564 /* tessdata in Resources */,
				3BDF0F291ABBB4D600120564 /* Screen Shot 2015-03-19 at 9.52.02 PM.png in Resources */,
				3B6F549B1A9CD51E008F6508 /* LaunchScreen.xib in Resources */,
				3B6F54981A9CD51E008F6508 /* Images.xcassets in Resources */,
			);
			runOnlyForDeploymentPostprocessing = 0;
		};
		3B6F549E1A9CD51F008F6508 /* Resources */ = {
			isa = PBXResourcesBuildPhase;
			buildActionMask = 2147483647;
			files = (
			);
			runOnlyForDeploymentPostprocessing = 0;
		};
/* End PBXResourcesBuildPhase section */

/* Begin PBXShellScriptBuildPhase section */
		028330F04E9ABFBE72ADE646 /* Check Pods Manifest.lock */ = {
			isa = PBXShellScriptBuildPhase;
			buildActionMask = 2147483647;
			files = (
			);
			inputPaths = (
			);
			name = "Check Pods Manifest.lock";
			outputPaths = (
			);
			runOnlyForDeploymentPostprocessing = 0;
			shellPath = /bin/sh;
			shellScript = "diff \"${PODS_ROOT}/../Podfile.lock\" \"${PODS_ROOT}/Manifest.lock\" > /dev/null\nif [[ $? != 0 ]] ; then\n    cat << EOM\nerror: The sandbox is not in sync with the Podfile.lock. Run 'pod install' or update your CocoaPods installation.\nEOM\n    exit 1\nfi\n";
			showEnvVarsInLog = 0;
		};
		82C57329E5F3460A09AB56F9 /* Copy Pods Resources */ = {
			isa = PBXShellScriptBuildPhase;
			buildActionMask = 2147483647;
			files = (
			);
			inputPaths = (
			);
			name = "Copy Pods Resources";
			outputPaths = (
			);
			runOnlyForDeploymentPostprocessing = 0;
			shellPath = /bin/sh;
			shellScript = "\"${SRCROOT}/Pods/Target Support Files/Pods/Pods-resources.sh\"\n";
			showEnvVarsInLog = 0;
		};
/* End PBXShellScriptBuildPhase section */

/* Begin PBXSourcesBuildPhase section */
		3B6F54871A9CD51E008F6508 /* Sources */ = {
			isa = PBXSourcesBuildPhase;
			buildActionMask = 2147483647;
			files = (
				3B6F54B11A9CD64A008F6508 /* UIColor+Extension.swift in Sources */,
				3B6F54931A9CD51E008F6508 /* ViewController.swift in Sources */,
				3B6F54B31A9CD92F008F6508 /* ReviewViewController.swift in Sources */,
				3B6F54DB1A9CE4C9008F6508 /* String+Extension.swift in Sources */,
				3B6F54911A9CD51E008F6508 /* AppDelegate.swift in Sources */,
				3B4293141AC38E830064B38F /* UIImage+Rotation.swift in Sources */,
				3B88D33D1AA0D27D0054388D /* ASStarRatingView.m in Sources */,
			);
			runOnlyForDeploymentPostprocessing = 0;
		};
		3B6F549C1A9CD51F008F6508 /* Sources */ = {
			isa = PBXSourcesBuildPhase;
			buildActionMask = 2147483647;
			files = (
				3B6F54A71A9CD51F008F6508 /* Reviewify_MVPTests.swift in Sources */,
			);
			runOnlyForDeploymentPostprocessing = 0;
		};
/* End PBXSourcesBuildPhase section */

/* Begin PBXTargetDependency section */
		3B6F54A21A9CD51F008F6508 /* PBXTargetDependency */ = {
			isa = PBXTargetDependency;
			target = 3B6F548A1A9CD51E008F6508 /* Reviewify MVP */;
			targetProxy = 3B6F54A11A9CD51F008F6508 /* PBXContainerItemProxy */;
		};
/* End PBXTargetDependency section */

/* Begin PBXVariantGroup section */
		3B6F54941A9CD51E008F6508 /* Main.storyboard */ = {
			isa = PBXVariantGroup;
			children = (
				3B6F54951A9CD51E008F6508 /* Base */,
			);
			name = Main.storyboard;
			sourceTree = "<group>";
		};
		3B6F54991A9CD51E008F6508 /* LaunchScreen.xib */ = {
			isa = PBXVariantGroup;
			children = (
				3B6F549A1A9CD51E008F6508 /* Base */,
			);
			name = LaunchScreen.xib;
			sourceTree = "<group>";
		};
/* End PBXVariantGroup section */

/* Begin XCBuildConfiguration section */
		3B6F54A81A9CD51F008F6508 /* Debug */ = {
			isa = XCBuildConfiguration;
			buildSettings = {
				ALWAYS_SEARCH_USER_PATHS = NO;
				CLANG_CXX_LANGUAGE_STANDARD = "gnu++0x";
				CLANG_CXX_LIBRARY = "libc++";
				CLANG_ENABLE_MODULES = YES;
				CLANG_ENABLE_OBJC_ARC = YES;
				CLANG_WARN_BOOL_CONVERSION = YES;
				CLANG_WARN_CONSTANT_CONVERSION = YES;
				CLANG_WARN_DIRECT_OBJC_ISA_USAGE = YES_ERROR;
				CLANG_WARN_EMPTY_BODY = YES;
				CLANG_WARN_ENUM_CONVERSION = YES;
				CLANG_WARN_INT_CONVERSION = YES;
				CLANG_WARN_OBJC_ROOT_CLASS = YES_ERROR;
				CLANG_WARN_UNREACHABLE_CODE = YES;
				CLANG_WARN__DUPLICATE_METHOD_MATCH = YES;
				"CODE_SIGN_IDENTITY[sdk=iphoneos*]" = "iPhone Developer";
				COPY_PHASE_STRIP = NO;
				ENABLE_STRICT_OBJC_MSGSEND = YES;
				FRAMEWORK_SEARCH_PATHS = "/Users/brycelanglotz/Documents/iOS-App/Reviewify\\ MVP/Reviewify\\ MVP/";
				GCC_C_LANGUAGE_STANDARD = gnu99;
				GCC_DYNAMIC_NO_PIC = NO;
				GCC_OPTIMIZATION_LEVEL = 0;
				GCC_PREPROCESSOR_DEFINITIONS = (
					"DEBUG=1",
					"$(inherited)",
				);
				GCC_SYMBOLS_PRIVATE_EXTERN = NO;
				GCC_WARN_64_TO_32_BIT_CONVERSION = YES;
				GCC_WARN_ABOUT_RETURN_TYPE = YES_ERROR;
				GCC_WARN_UNDECLARED_SELECTOR = YES;
				GCC_WARN_UNINITIALIZED_AUTOS = YES_AGGRESSIVE;
				GCC_WARN_UNUSED_FUNCTION = YES;
				GCC_WARN_UNUSED_VARIABLE = YES;
				IPHONEOS_DEPLOYMENT_TARGET = 8.1;
				MTL_ENABLE_DEBUG_INFO = YES;
				ONLY_ACTIVE_ARCH = YES;
				SDKROOT = iphoneos;
				SWIFT_OPTIMIZATION_LEVEL = "-Onone";
				TARGETED_DEVICE_FAMILY = "1,2";
			};
			name = Debug;
		};
		3B6F54A91A9CD51F008F6508 /* Release */ = {
			isa = XCBuildConfiguration;
			buildSettings = {
				ALWAYS_SEARCH_USER_PATHS = NO;
				CLANG_CXX_LANGUAGE_STANDARD = "gnu++0x";
				CLANG_CXX_LIBRARY = "libc++";
				CLANG_ENABLE_MODULES = YES;
				CLANG_ENABLE_OBJC_ARC = YES;
				CLANG_WARN_BOOL_CONVERSION = YES;
				CLANG_WARN_CONSTANT_CONVERSION = YES;
				CLANG_WARN_DIRECT_OBJC_ISA_USAGE = YES_ERROR;
				CLANG_WARN_EMPTY_BODY = YES;
				CLANG_WARN_ENUM_CONVERSION = YES;
				CLANG_WARN_INT_CONVERSION = YES;
				CLANG_WARN_OBJC_ROOT_CLASS = YES_ERROR;
				CLANG_WARN_UNREACHABLE_CODE = YES;
				CLANG_WARN__DUPLICATE_METHOD_MATCH = YES;
				"CODE_SIGN_IDENTITY[sdk=iphoneos*]" = "iPhone Developer";
				COPY_PHASE_STRIP = YES;
				ENABLE_NS_ASSERTIONS = NO;
				ENABLE_STRICT_OBJC_MSGSEND = YES;
				FRAMEWORK_SEARCH_PATHS = "/Users/brycelanglotz/Documents/iOS-App/Reviewify\\ MVP/Reviewify\\ MVP/";
				GCC_C_LANGUAGE_STANDARD = gnu99;
				GCC_WARN_64_TO_32_BIT_CONVERSION = YES;
				GCC_WARN_ABOUT_RETURN_TYPE = YES_ERROR;
				GCC_WARN_UNDECLARED_SELECTOR = YES;
				GCC_WARN_UNINITIALIZED_AUTOS = YES_AGGRESSIVE;
				GCC_WARN_UNUSED_FUNCTION = YES;
				GCC_WARN_UNUSED_VARIABLE = YES;
				IPHONEOS_DEPLOYMENT_TARGET = 8.1;
				MTL_ENABLE_DEBUG_INFO = NO;
				SDKROOT = iphoneos;
				TARGETED_DEVICE_FAMILY = "1,2";
				VALIDATE_PRODUCT = YES;
			};
			name = Release;
		};
		3B6F54AB1A9CD51F008F6508 /* Debug */ = {
			isa = XCBuildConfiguration;
			baseConfigurationReference = C9AF4DA62E1422BC486CCE67 /* Pods.debug.xcconfig */;
			buildSettings = {
				ASSETCATALOG_COMPILER_APPICON_NAME = AppIcon;
				CLANG_ENABLE_MODULES = YES;
				FRAMEWORK_SEARCH_PATHS = (
					"$(inherited)",
					"$(PROJECT_DIR)/Reviewify",
					MVP,
				);
				INFOPLIST_FILE = "Reviewify MVP/Info.plist";
				LD_RUNPATH_SEARCH_PATHS = "$(inherited) @executable_path/Frameworks";
				PRODUCT_NAME = "$(TARGET_NAME)";
				SWIFT_OBJC_BRIDGING_HEADER = "Reviewify MVP/Reviewify MVP-Bridging-Header.h";
				SWIFT_OPTIMIZATION_LEVEL = "-Onone";
			};
			name = Debug;
		};
		3B6F54AC1A9CD51F008F6508 /* Release */ = {
			isa = XCBuildConfiguration;
			baseConfigurationReference = B29C8D25CF4DBF4FE3B8B94B /* Pods.release.xcconfig */;
			buildSettings = {
				ASSETCATALOG_COMPILER_APPICON_NAME = AppIcon;
				CLANG_ENABLE_MODULES = YES;
				FRAMEWORK_SEARCH_PATHS = (
					"$(inherited)",
					"$(PROJECT_DIR)/Reviewify",
					MVP,
				);
				INFOPLIST_FILE = "Reviewify MVP/Info.plist";
				LD_RUNPATH_SEARCH_PATHS = "$(inherited) @executable_path/Frameworks";
				PRODUCT_NAME = "$(TARGET_NAME)";
				SWIFT_OBJC_BRIDGING_HEADER = "Reviewify MVP/Reviewify MVP-Bridging-Header.h";
			};
			name = Release;
		};
		3B6F54AE1A9CD51F008F6508 /* Debug */ = {
			isa = XCBuildConfiguration;
			buildSettings = {
				BUNDLE_LOADER = "$(TEST_HOST)";
				FRAMEWORK_SEARCH_PATHS = (
					"$(SDKROOT)/Developer/Library/Frameworks",
					"$(inherited)",
				);
				GCC_PREPROCESSOR_DEFINITIONS = (
					"DEBUG=1",
					"$(inherited)",
				);
				INFOPLIST_FILE = "Reviewify MVPTests/Info.plist";
				LD_RUNPATH_SEARCH_PATHS = "$(inherited) @executable_path/Frameworks @loader_path/Frameworks";
				PRODUCT_NAME = "$(TARGET_NAME)";
				TEST_HOST = "$(BUILT_PRODUCTS_DIR)/Reviewify MVP.app/Reviewify MVP";
			};
			name = Debug;
		};
		3B6F54AF1A9CD51F008F6508 /* Release */ = {
			isa = XCBuildConfiguration;
			buildSettings = {
				BUNDLE_LOADER = "$(TEST_HOST)";
				FRAMEWORK_SEARCH_PATHS = (
					"$(SDKROOT)/Developer/Library/Frameworks",
					"$(inherited)",
				);
				INFOPLIST_FILE = "Reviewify MVPTests/Info.plist";
				LD_RUNPATH_SEARCH_PATHS = "$(inherited) @executable_path/Frameworks @loader_path/Frameworks";
				PRODUCT_NAME = "$(TARGET_NAME)";
				TEST_HOST = "$(BUILT_PRODUCTS_DIR)/Reviewify MVP.app/Reviewify MVP";
			};
			name = Release;
		};
/* End XCBuildConfiguration section */

/* Begin XCConfigurationList section */
		3B6F54861A9CD51E008F6508 /* Build configuration list for PBXProject "Reviewify MVP" */ = {
			isa = XCConfigurationList;
			buildConfigurations = (
				3B6F54A81A9CD51F008F6508 /* Debug */,
				3B6F54A91A9CD51F008F6508 /* Release */,
			);
			defaultConfigurationIsVisible = 0;
			defaultConfigurationName = Release;
		};
		3B6F54AA1A9CD51F008F6508 /* Build configuration list for PBXNativeTarget "Reviewify MVP" */ = {
			isa = XCConfigurationList;
			buildConfigurations = (
				3B6F54AB1A9CD51F008F6508 /* Debug */,
				3B6F54AC1A9CD51F008F6508 /* Release */,
			);
			defaultConfigurationIsVisible = 0;
			defaultConfigurationName = Release;
		};
		3B6F54AD1A9CD51F008F6508 /* Build configuration list for PBXNativeTarget "Reviewify MVPTests" */ = {
			isa = XCConfigurationList;
			buildConfigurations = (
				3B6F54AE1A9CD51F008F6508 /* Debug */,
				3B6F54AF1A9CD51F008F6508 /* Release */,
			);
			defaultConfigurationIsVisible = 0;
			defaultConfigurationName = Release;
		};
/* End XCConfigurationList section */
	};
	rootObject = 3B6F54831A9CD51E008F6508 /* Project object */;
}
