// !$*UTF8*$!
{
	archiveVersion = 1;
	classes = {
	};
	objectVersion = 46;
	objects = {

/* Begin PBXBuildFile section */
		29DFA9EFC676F9AF79C96774 /* libPods.a in Frameworks */ = {isa = PBXBuildFile; fileRef = ECDBFFEF10147C2B908AB1EE /* libPods.a */; };
		3B4293141AC38E830064B38F /* UIImage+Rotation.swift in Sources */ = {isa = PBXBuildFile; fileRef = 3B4293131AC38E830064B38F /* UIImage+Rotation.swift */; };
		3B4FE6021AE075C000CB0F6D /* Constants.swift in Sources */ = {isa = PBXBuildFile; fileRef = 3B4FE6011AE075C000CB0F6D /* Constants.swift */; };
		3B55494A1B0110CC009E7A34 /* ReviewTableViewController.swift in Sources */ = {isa = PBXBuildFile; fileRef = 3B5549491B0110CC009E7A34 /* ReviewTableViewController.swift */; };
		3B55494C1B0110F7009E7A34 /* StarRatingTableViewCell.swift in Sources */ = {isa = PBXBuildFile; fileRef = 3B55494B1B0110F7009E7A34 /* StarRatingTableViewCell.swift */; };
		3B55494E1B011108009E7A34 /* TextViewTableViewCell.swift in Sources */ = {isa = PBXBuildFile; fileRef = 3B55494D1B011108009E7A34 /* TextViewTableViewCell.swift */; };
		3B573A4B1AE8255400518071 /* PFCloud+Extension.swift in Sources */ = {isa = PBXBuildFile; fileRef = 3B573A4A1AE8255400518071 /* PFCloud+Extension.swift */; };
		3B573A4D1AE84DCC00518071 /* Review.swift in Sources */ = {isa = PBXBuildFile; fileRef = 3B573A4C1AE84DCC00518071 /* Review.swift */; };
		3B6F54911A9CD51E008F6508 /* AppDelegate.swift in Sources */ = {isa = PBXBuildFile; fileRef = 3B6F54901A9CD51E008F6508 /* AppDelegate.swift */; };
		3B6F54931A9CD51E008F6508 /* ViewController.swift in Sources */ = {isa = PBXBuildFile; fileRef = 3B6F54921A9CD51E008F6508 /* ViewController.swift */; };
		3B6F54961A9CD51E008F6508 /* Main.storyboard in Resources */ = {isa = PBXBuildFile; fileRef = 3B6F54941A9CD51E008F6508 /* Main.storyboard */; };
		3B6F54981A9CD51E008F6508 /* Images.xcassets in Resources */ = {isa = PBXBuildFile; fileRef = 3B6F54971A9CD51E008F6508 /* Images.xcassets */; };
		3B6F549B1A9CD51E008F6508 /* LaunchScreen.xib in Resources */ = {isa = PBXBuildFile; fileRef = 3B6F54991A9CD51E008F6508 /* LaunchScreen.xib */; };
		3B6F54A71A9CD51F008F6508 /* Reviewify_MVPTests.swift in Sources */ = {isa = PBXBuildFile; fileRef = 3B6F54A61A9CD51F008F6508 /* Reviewify_MVPTests.swift */; };
		3B6F54B11A9CD64A008F6508 /* UIColor+Extension.swift in Sources */ = {isa = PBXBuildFile; fileRef = 3B6F54B01A9CD64A008F6508 /* UIColor+Extension.swift */; };
		3B6F54DB1A9CE4C9008F6508 /* String+Extension.swift in Sources */ = {isa = PBXBuildFile; fileRef = 3B6F54DA1A9CE4C9008F6508 /* String+Extension.swift */; };
		3B8174851AF6C1F20029AEDD /* QRCodeImageView.swift in Sources */ = {isa = PBXBuildFile; fileRef = 3B8174841AF6C1F20029AEDD /* QRCodeImageView.swift */; };
		3B8174881AF6C3770029AEDD /* RedeemViewController.swift in Sources */ = {isa = PBXBuildFile; fileRef = 3B8174871AF6C3770029AEDD /* RedeemViewController.swift */; };
		3B8816091AE0262C00E4B09D /* RestaurantDetailsTableViewController.swift in Sources */ = {isa = PBXBuildFile; fileRef = 3B8816081AE0262C00E4B09D /* RestaurantDetailsTableViewController.swift */; };
		3B88D33D1AA0D27D0054388D /* ASStarRatingView.m in Sources */ = {isa = PBXBuildFile; fileRef = 3B88D33C1AA0D27D0054388D /* ASStarRatingView.m */; };
		3B8DC2A21AD70F68002198CA /* Regex.swift in Sources */ = {isa = PBXBuildFile; fileRef = 3B8DC2A11AD70F68002198CA /* Regex.swift */; };
		3B8DC2A41AD70F87002198CA /* CameraFocusBox.swift in Sources */ = {isa = PBXBuildFile; fileRef = 3B8DC2A31AD70F87002198CA /* CameraFocusBox.swift */; };
		3BE38AB01AD762FB00830511 /* LoginViewController.swift in Sources */ = {isa = PBXBuildFile; fileRef = 3BE38AAF1AD762FB00830511 /* LoginViewController.swift */; };
		3BE3CD151AD77FAC00DB7EA8 /* MapKit.framework in Frameworks */ = {isa = PBXBuildFile; fileRef = 3BE3CD141AD77FAC00DB7EA8 /* MapKit.framework */; };
		3BE3CD171ADB1C9900DB7EA8 /* NearbyRestaurantsMapViewController.swift in Sources */ = {isa = PBXBuildFile; fileRef = 3BE3CD161ADB1C9900DB7EA8 /* NearbyRestaurantsMapViewController.swift */; };
		3BE853EE1B027F570009DE3B /* PFUser+Extension.swift in Sources */ = {isa = PBXBuildFile; fileRef = 3BE853ED1B027F570009DE3B /* PFUser+Extension.swift */; };
		3BE853F01B02807B0009DE3B /* MealsTableViewController.swift in Sources */ = {isa = PBXBuildFile; fileRef = 3BE853EF1B02807B0009DE3B /* MealsTableViewController.swift */; };
		3BE853F21B0280DF0009DE3B /* Meal.swift in Sources */ = {isa = PBXBuildFile; fileRef = 3BE853F11B0280DF0009DE3B /* Meal.swift */; };
		3BED175A1AD63158005DEA44 /* RewardsDetailsTableViewController.swift in Sources */ = {isa = PBXBuildFile; fileRef = 3BED17591AD63158005DEA44 /* RewardsDetailsTableViewController.swift */; };
		3BED17681AD6D6B5005DEA44 /* Screen Shot 2015-04-09 at 11.47.50 AM.png in Resources */ = {isa = PBXBuildFile; fileRef = 3BED17671AD6D6B5005DEA44 /* Screen Shot 2015-04-09 at 11.47.50 AM.png */; };
		3BED176B1AD6DEBF005DEA44 /* Double+Extension.swift in Sources */ = {isa = PBXBuildFile; fileRef = 3BED176A1AD6DEBF005DEA44 /* Double+Extension.swift */; };
		3BF6754E1B2142DC000C7860 /* ImportantInformationView.swift in Sources */ = {isa = PBXBuildFile; fileRef = 3BF6754D1B2142DC000C7860 /* ImportantInformationView.swift */; };
/* End PBXBuildFile section */

/* Begin PBXContainerItemProxy section */
		3B6F54A11A9CD51F008F6508 /* PBXContainerItemProxy */ = {
			isa = PBXContainerItemProxy;
			containerPortal = 3B6F54831A9CD51E008F6508 /* Project object */;
			proxyType = 1;
			remoteGlobalIDString = 3B6F548A1A9CD51E008F6508;
			remoteInfo = "Reviewify MVP";
		};
/* End PBXContainerItemProxy section */

/* Begin PBXFileReference section */
		3B4293131AC38E830064B38F /* UIImage+Rotation.swift */ = {isa = PBXFileReference; fileEncoding = 4; lastKnownFileType = sourcecode.swift; path = "UIImage+Rotation.swift"; sourceTree = "<group>"; };
		3B4FE6011AE075C000CB0F6D /* Constants.swift */ = {isa = PBXFileReference; fileEncoding = 4; lastKnownFileType = sourcecode.swift; path = Constants.swift; sourceTree = "<group>"; };
		3B5549491B0110CC009E7A34 /* ReviewTableViewController.swift */ = {isa = PBXFileReference; fileEncoding = 4; lastKnownFileType = sourcecode.swift; path = ReviewTableViewController.swift; sourceTree = "<group>"; };
		3B55494B1B0110F7009E7A34 /* StarRatingTableViewCell.swift */ = {isa = PBXFileReference; fileEncoding = 4; lastKnownFileType = sourcecode.swift; path = StarRatingTableViewCell.swift; sourceTree = "<group>"; };
		3B55494D1B011108009E7A34 /* TextViewTableViewCell.swift */ = {isa = PBXFileReference; fileEncoding = 4; lastKnownFileType = sourcecode.swift; path = TextViewTableViewCell.swift; sourceTree = "<group>"; };
		3B573A4A1AE8255400518071 /* PFCloud+Extension.swift */ = {isa = PBXFileReference; fileEncoding = 4; lastKnownFileType = sourcecode.swift; path = "PFCloud+Extension.swift"; sourceTree = "<group>"; };
		3B573A4C1AE84DCC00518071 /* Review.swift */ = {isa = PBXFileReference; fileEncoding = 4; lastKnownFileType = sourcecode.swift; path = Review.swift; sourceTree = "<group>"; };
		3B6F548B1A9CD51E008F6508 /* Speakeasy.app */ = {isa = PBXFileReference; explicitFileType = wrapper.application; includeInIndex = 0; path = Speakeasy.app; sourceTree = BUILT_PRODUCTS_DIR; };
		3B6F548F1A9CD51E008F6508 /* Info.plist */ = {isa = PBXFileReference; lastKnownFileType = text.plist.xml; path = Info.plist; sourceTree = "<group>"; };
		3B6F54901A9CD51E008F6508 /* AppDelegate.swift */ = {isa = PBXFileReference; lastKnownFileType = sourcecode.swift; path = AppDelegate.swift; sourceTree = "<group>"; };
		3B6F54921A9CD51E008F6508 /* ViewController.swift */ = {isa = PBXFileReference; lastKnownFileType = sourcecode.swift; path = ViewController.swift; sourceTree = "<group>"; };
		3B6F54951A9CD51E008F6508 /* Base */ = {isa = PBXFileReference; lastKnownFileType = file.storyboard; name = Base; path = Base.lproj/Main.storyboard; sourceTree = "<group>"; };
		3B6F54971A9CD51E008F6508 /* Images.xcassets */ = {isa = PBXFileReference; lastKnownFileType = folder.assetcatalog; path = Images.xcassets; sourceTree = "<group>"; };
		3B6F549A1A9CD51E008F6508 /* Base */ = {isa = PBXFileReference; lastKnownFileType = file.xib; name = Base; path = Base.lproj/LaunchScreen.xib; sourceTree = "<group>"; };
		3B6F54A01A9CD51F008F6508 /* SpeakeasyTests.xctest */ = {isa = PBXFileReference; explicitFileType = wrapper.cfbundle; includeInIndex = 0; path = SpeakeasyTests.xctest; sourceTree = BUILT_PRODUCTS_DIR; };
		3B6F54A51A9CD51F008F6508 /* Info.plist */ = {isa = PBXFileReference; lastKnownFileType = text.plist.xml; path = Info.plist; sourceTree = "<group>"; };
		3B6F54A61A9CD51F008F6508 /* Reviewify_MVPTests.swift */ = {isa = PBXFileReference; lastKnownFileType = sourcecode.swift; path = Reviewify_MVPTests.swift; sourceTree = "<group>"; };
		3B6F54B01A9CD64A008F6508 /* UIColor+Extension.swift */ = {isa = PBXFileReference; fileEncoding = 4; lastKnownFileType = sourcecode.swift; path = "UIColor+Extension.swift"; sourceTree = "<group>"; };
		3B6F54DA1A9CE4C9008F6508 /* String+Extension.swift */ = {isa = PBXFileReference; fileEncoding = 4; lastKnownFileType = sourcecode.swift; path = "String+Extension.swift"; sourceTree = "<group>"; };
		3B8174841AF6C1F20029AEDD /* QRCodeImageView.swift */ = {isa = PBXFileReference; fileEncoding = 4; lastKnownFileType = sourcecode.swift; path = QRCodeImageView.swift; sourceTree = "<group>"; };
		3B8174871AF6C3770029AEDD /* RedeemViewController.swift */ = {isa = PBXFileReference; fileEncoding = 4; lastKnownFileType = sourcecode.swift; path = RedeemViewController.swift; sourceTree = "<group>"; };
		3B8816081AE0262C00E4B09D /* RestaurantDetailsTableViewController.swift */ = {isa = PBXFileReference; fileEncoding = 4; lastKnownFileType = sourcecode.swift; path = RestaurantDetailsTableViewController.swift; sourceTree = "<group>"; };
		3B88D33B1AA0D27D0054388D /* ASStarRatingView.h */ = {isa = PBXFileReference; fileEncoding = 4; lastKnownFileType = sourcecode.c.h; path = ASStarRatingView.h; sourceTree = "<group>"; };
		3B88D33C1AA0D27D0054388D /* ASStarRatingView.m */ = {isa = PBXFileReference; fileEncoding = 4; lastKnownFileType = sourcecode.c.objc; path = ASStarRatingView.m; sourceTree = "<group>"; };
		3B8DC2A11AD70F68002198CA /* Regex.swift */ = {isa = PBXFileReference; fileEncoding = 4; lastKnownFileType = sourcecode.swift; path = Regex.swift; sourceTree = "<group>"; };
		3B8DC2A31AD70F87002198CA /* CameraFocusBox.swift */ = {isa = PBXFileReference; fileEncoding = 4; lastKnownFileType = sourcecode.swift; path = CameraFocusBox.swift; sourceTree = "<group>"; };
		3B9F32F71A9E830B005C6E8A /* Reviewify MVP-Bridging-Header.h */ = {isa = PBXFileReference; fileEncoding = 4; lastKnownFileType = sourcecode.c.h; path = "Reviewify MVP-Bridging-Header.h"; sourceTree = "<group>"; };
		3BDF0F1F1ABB63F200120564 /* tessdata */ = {isa = PBXFileReference; lastKnownFileType = folder; name = tessdata; path = "../../../../../Downloads/tesseract-ocr/tessdata"; sourceTree = "<group>"; };
		3BE38AAF1AD762FB00830511 /* LoginViewController.swift */ = {isa = PBXFileReference; fileEncoding = 4; lastKnownFileType = sourcecode.swift; path = LoginViewController.swift; sourceTree = "<group>"; };
		3BE3CD141AD77FAC00DB7EA8 /* MapKit.framework */ = {isa = PBXFileReference; lastKnownFileType = wrapper.framework; name = MapKit.framework; path = System/Library/Frameworks/MapKit.framework; sourceTree = SDKROOT; };
		3BE3CD161ADB1C9900DB7EA8 /* NearbyRestaurantsMapViewController.swift */ = {isa = PBXFileReference; fileEncoding = 4; lastKnownFileType = sourcecode.swift; path = NearbyRestaurantsMapViewController.swift; sourceTree = "<group>"; };
		3BE853ED1B027F570009DE3B /* PFUser+Extension.swift */ = {isa = PBXFileReference; fileEncoding = 4; lastKnownFileType = sourcecode.swift; path = "PFUser+Extension.swift"; sourceTree = "<group>"; };
		3BE853EF1B02807B0009DE3B /* MealsTableViewController.swift */ = {isa = PBXFileReference; fileEncoding = 4; lastKnownFileType = sourcecode.swift; path = MealsTableViewController.swift; sourceTree = "<group>"; };
		3BE853F11B0280DF0009DE3B /* Meal.swift */ = {isa = PBXFileReference; fileEncoding = 4; lastKnownFileType = sourcecode.swift; path = Meal.swift; sourceTree = "<group>"; };
		3BED17591AD63158005DEA44 /* RewardsDetailsTableViewController.swift */ = {isa = PBXFileReference; fileEncoding = 4; lastKnownFileType = sourcecode.swift; path = RewardsDetailsTableViewController.swift; sourceTree = "<group>"; };
		3BED17671AD6D6B5005DEA44 /* Screen Shot 2015-04-09 at 11.47.50 AM.png */ = {isa = PBXFileReference; lastKnownFileType = image.png; path = "Screen Shot 2015-04-09 at 11.47.50 AM.png"; sourceTree = "<group>"; };
		3BED176A1AD6DEBF005DEA44 /* Double+Extension.swift */ = {isa = PBXFileReference; fileEncoding = 4; lastKnownFileType = sourcecode.swift; path = "Double+Extension.swift"; sourceTree = "<group>"; };
		3BF6754D1B2142DC000C7860 /* ImportantInformationView.swift */ = {isa = PBXFileReference; fileEncoding = 4; lastKnownFileType = sourcecode.swift; path = ImportantInformationView.swift; sourceTree = "<group>"; };
		B29C8D25CF4DBF4FE3B8B94B /* Pods.release.xcconfig */ = {isa = PBXFileReference; includeInIndex = 1; lastKnownFileType = text.xcconfig; name = Pods.release.xcconfig; path = "Pods/Target Support Files/Pods/Pods.release.xcconfig"; sourceTree = "<group>"; };
		C9AF4DA62E1422BC486CCE67 /* Pods.debug.xcconfig */ = {isa = PBXFileReference; includeInIndex = 1; lastKnownFileType = text.xcconfig; name = Pods.debug.xcconfig; path = "Pods/Target Support Files/Pods/Pods.debug.xcconfig"; sourceTree = "<group>"; };
		ECDBFFEF10147C2B908AB1EE /* libPods.a */ = {isa = PBXFileReference; explicitFileType = archive.ar; includeInIndex = 0; path = libPods.a; sourceTree = BUILT_PRODUCTS_DIR; };
/* End PBXFileReference section */

/* Begin PBXFrameworksBuildPhase section */
		3B6F54881A9CD51E008F6508 /* Frameworks */ = {
			isa = PBXFrameworksBuildPhase;
			buildActionMask = 2147483647;
			files = (
				3BE3CD151AD77FAC00DB7EA8 /* MapKit.framework in Frameworks */,
				29DFA9EFC676F9AF79C96774 /* libPods.a in Frameworks */,
			);
			runOnlyForDeploymentPostprocessing = 0;
		};
		3B6F549D1A9CD51F008F6508 /* Frameworks */ = {
			isa = PBXFrameworksBuildPhase;
			buildActionMask = 2147483647;
			files = (
			);
			runOnlyForDeploymentPostprocessing = 0;
		};
/* End PBXFrameworksBuildPhase section */

/* Begin PBXGroup section */
		3B4293151AC3918A0064B38F /* Extensions */ = {
			isa = PBXGroup;
			children = (
				3B6F54B01A9CD64A008F6508 /* UIColor+Extension.swift */,
				3B4293131AC38E830064B38F /* UIImage+Rotation.swift */,
				3B6F54DA1A9CE4C9008F6508 /* String+Extension.swift */,
				3BED176A1AD6DEBF005DEA44 /* Double+Extension.swift */,
				3B573A4A1AE8255400518071 /* PFCloud+Extension.swift */,
				3BE853ED1B027F570009DE3B /* PFUser+Extension.swift */,
			);
			path = Extensions;
			sourceTree = "<group>";
		};
		3B6F54821A9CD51E008F6508 = {
			isa = PBXGroup;
			children = (
				3B6F548D1A9CD51E008F6508 /* Reviewify MVP */,
				3B6F54A31A9CD51F008F6508 /* Reviewify MVPTests */,
				3B6F548C1A9CD51E008F6508 /* Products */,
				C5330284D7925E9A9436FCEB /* Pods */,
				B5BD519055BEA21A91D8C32D /* Frameworks */,
			);
			sourceTree = "<group>";
		};
		3B6F548C1A9CD51E008F6508 /* Products */ = {
			isa = PBXGroup;
			children = (
				3B6F548B1A9CD51E008F6508 /* Speakeasy.app */,
				3B6F54A01A9CD51F008F6508 /* SpeakeasyTests.xctest */,
			);
			name = Products;
			sourceTree = "<group>";
		};
		3B6F548D1A9CD51E008F6508 /* Reviewify MVP */ = {
			isa = PBXGroup;
			children = (
				3B6F54901A9CD51E008F6508 /* AppDelegate.swift */,
				3BCFE3771B2518BF000FF584 /* Account Management */,
				3BD905CC1AE861010087186B /* Earning Rewards */,
				3BD905CD1AE8610F0087186B /* Nearby */,
				3B8174861AF6C3580029AEDD /* Redeem */,
				3B6F54941A9CD51E008F6508 /* Main.storyboard */,
				3B6F54971A9CD51E008F6508 /* Images.xcassets */,
				3B6F54991A9CD51E008F6508 /* LaunchScreen.xib */,
				3B8DC2A01AD70F44002198CA /* Helper */,
				3B4293151AC3918A0064B38F /* Extensions */,
				3BDF0F2A1ABBB73B00120564 /* ImageToText */,
				3B6F548E1A9CD51E008F6508 /* Supporting Files */,
			);
			path = "Reviewify MVP";
			sourceTree = "<group>";
		};
		3B6F548E1A9CD51E008F6508 /* Supporting Files */ = {
			isa = PBXGroup;
			children = (
				3B9F32F71A9E830B005C6E8A /* Reviewify MVP-Bridging-Header.h */,
				3BED17671AD6D6B5005DEA44 /* Screen Shot 2015-04-09 at 11.47.50 AM.png */,
				3B6F548F1A9CD51E008F6508 /* Info.plist */,
			);
			path = "Supporting Files";
			sourceTree = "<group>";
		};
		3B6F54A31A9CD51F008F6508 /* Reviewify MVPTests */ = {
			isa = PBXGroup;
			children = (
				3B6F54A61A9CD51F008F6508 /* Reviewify_MVPTests.swift */,
				3B6F54A41A9CD51F008F6508 /* Supporting Files */,
			);
			path = "Reviewify MVPTests";
			sourceTree = "<group>";
		};
		3B6F54A41A9CD51F008F6508 /* Supporting Files */ = {
			isa = PBXGroup;
			children = (
				3B6F54A51A9CD51F008F6508 /* Info.plist */,
			);
			path = "Supporting Files";
			sourceTree = "<group>";
		};
		3B8174861AF6C3580029AEDD /* Redeem */ = {
			isa = PBXGroup;
			children = (
				3B8174841AF6C1F20029AEDD /* QRCodeImageView.swift */,
				3B8174871AF6C3770029AEDD /* RedeemViewController.swift */,
			);
			path = Redeem;
			sourceTree = "<group>";
		};
		3B8DC2A01AD70F44002198CA /* Helper */ = {
			isa = PBXGroup;
			children = (
				3BE853F11B0280DF0009DE3B /* Meal.swift */,
				3B573A4C1AE84DCC00518071 /* Review.swift */,
				3B4FE6011AE075C000CB0F6D /* Constants.swift */,
				3BED17691AD6DDA0005DEA44 /* ASStarRatingView */,
				3B8DC2A11AD70F68002198CA /* Regex.swift */,
				3B8DC2A31AD70F87002198CA /* CameraFocusBox.swift */,
			);
			path = Helper;
			sourceTree = "<group>";
		};
		3BCFE3771B2518BF000FF584 /* Account Management */ = {
			isa = PBXGroup;
			children = (
				3BE38AAF1AD762FB00830511 /* LoginViewController.swift */,
				3BE853EF1B02807B0009DE3B /* MealsTableViewController.swift */,
				3BF6754D1B2142DC000C7860 /* ImportantInformationView.swift */,
			);
			name = "Account Management";
			sourceTree = "<group>";
		};
		3BD905CC1AE861010087186B /* Earning Rewards */ = {
			isa = PBXGroup;
			children = (
				3B6F54921A9CD51E008F6508 /* ViewController.swift */,
				3BED17591AD63158005DEA44 /* RewardsDetailsTableViewController.swift */,
				3B5549491B0110CC009E7A34 /* ReviewTableViewController.swift */,
				3B55494B1B0110F7009E7A34 /* StarRatingTableViewCell.swift */,
				3B55494D1B011108009E7A34 /* TextViewTableViewCell.swift */,
			);
			path = "Earning Rewards";
			sourceTree = "<group>";
		};
		3BD905CD1AE8610F0087186B /* Nearby */ = {
			isa = PBXGroup;
			children = (
				3BE3CD161ADB1C9900DB7EA8 /* NearbyRestaurantsMapViewController.swift */,
				3B8816081AE0262C00E4B09D /* RestaurantDetailsTableViewController.swift */,
			);
			path = Nearby;
			sourceTree = "<group>";
		};
		3BDF0F2A1ABBB73B00120564 /* ImageToText */ = {
			isa = PBXGroup;
			children = (
				3BDF0F1F1ABB63F200120564 /* tessdata */,
			);
			path = ImageToText;
			sourceTree = "<group>";
		};
		3BED17691AD6DDA0005DEA44 /* ASStarRatingView */ = {
			isa = PBXGroup;
			children = (
				3B88D33B1AA0D27D0054388D /* ASStarRatingView.h */,
				3B88D33C1AA0D27D0054388D /* ASStarRatingView.m */,
			);
			path = ASStarRatingView;
			sourceTree = "<group>";
		};
		B5BD519055BEA21A91D8C32D /* Frameworks */ = {
			isa = PBXGroup;
			children = (
				3BE3CD141AD77FAC00DB7EA8 /* MapKit.framework */,
				ECDBFFEF10147C2B908AB1EE /* libPods.a */,
			);
			name = Frameworks;
			sourceTree = "<group>";
		};
		C5330284D7925E9A9436FCEB /* Pods */ = {
			isa = PBXGroup;
			children = (
				C9AF4DA62E1422BC486CCE67 /* Pods.debug.xcconfig */,
				B29C8D25CF4DBF4FE3B8B94B /* Pods.release.xcconfig */,
			);
			name = Pods;
			sourceTree = "<group>";
		};
/* End PBXGroup section */

/* Begin PBXNativeTarget section */
		3B6F548A1A9CD51E008F6508 /* Speakeasy */ = {
			isa = PBXNativeTarget;
			buildConfigurationList = 3B6F54AA1A9CD51F008F6508 /* Build configuration list for PBXNativeTarget "Speakeasy" */;
			buildPhases = (
				028330F04E9ABFBE72ADE646 /* Check Pods Manifest.lock */,
				3B6F54871A9CD51E008F6508 /* Sources */,
				3B6F54881A9CD51E008F6508 /* Frameworks */,
				3B6F54891A9CD51E008F6508 /* Resources */,
				82C57329E5F3460A09AB56F9 /* Copy Pods Resources */,
			);
			buildRules = (
			);
			dependencies = (
			);
			name = Speakeasy;
			productName = "Reviewify MVP";
			productReference = 3B6F548B1A9CD51E008F6508 /* Speakeasy.app */;
			productType = "com.apple.product-type.application";
		};
		3B6F549F1A9CD51F008F6508 /* SpeakeasyTests */ = {
			isa = PBXNativeTarget;
			buildConfigurationList = 3B6F54AD1A9CD51F008F6508 /* Build configuration list for PBXNativeTarget "SpeakeasyTests" */;
			buildPhases = (
				3B6F549C1A9CD51F008F6508 /* Sources */,
				3B6F549D1A9CD51F008F6508 /* Frameworks */,
				3B6F549E1A9CD51F008F6508 /* Resources */,
			);
			buildRules = (
			);
			dependencies = (
				3B6F54A21A9CD51F008F6508 /* PBXTargetDependency */,
			);
			name = SpeakeasyTests;
			productName = "Reviewify MVPTests";
			productReference = 3B6F54A01A9CD51F008F6508 /* SpeakeasyTests.xctest */;
			productType = "com.apple.product-type.bundle.unit-test";
		};
/* End PBXNativeTarget section */

/* Begin PBXProject section */
		3B6F54831A9CD51E008F6508 /* Project object */ = {
			isa = PBXProject;
			attributes = {
				LastUpgradeCheck = 0610;
				ORGANIZATIONNAME = "Bryce Langlotz";
				TargetAttributes = {
					3B6F548A1A9CD51E008F6508 = {
						CreatedOnToolsVersion = 6.1.1;
						DevelopmentTeam = N5CM9T495P;
					};
					3B6F549F1A9CD51F008F6508 = {
						CreatedOnToolsVersion = 6.1.1;
						TestTargetID = 3B6F548A1A9CD51E008F6508;
					};
				};
			};
			buildConfigurationList = 3B6F54861A9CD51E008F6508 /* Build configuration list for PBXProject "Speakeasy" */;
			compatibilityVersion = "Xcode 3.2";
			developmentRegion = English;
			hasScannedForEncodings = 0;
			knownRegions = (
				en,
				Base,
			);
			mainGroup = 3B6F54821A9CD51E008F6508;
			productRefGroup = 3B6F548C1A9CD51E008F6508 /* Products */;
			projectDirPath = "";
			projectRoot = "";
			targets = (
				3B6F548A1A9CD51E008F6508 /* Speakeasy */,
				3B6F549F1A9CD51F008F6508 /* SpeakeasyTests */,
			);
		};
/* End PBXProject section */

/* Begin PBXResourcesBuildPhase section */
		3B6F54891A9CD51E008F6508 /* Resources */ = {
			isa = PBXResourcesBuildPhase;
			buildActionMask = 2147483647;
			files = (
				3BED17681AD6D6B5005DEA44 /* Screen Shot 2015-04-09 at 11.47.50 AM.png in Resources */,
				3B6F54961A9CD51E008F6508 /* Main.storyboard in Resources */,
				3B6F549B1A9CD51E008F6508 /* LaunchScreen.xib in Resources */,
				3B6F54981A9CD51E008F6508 /* Images.xcassets in Resources */,
			);
			runOnlyForDeploymentPostprocessing = 0;
		};
		3B6F549E1A9CD51F008F6508 /* Resources */ = {
			isa = PBXResourcesBuildPhase;
			buildActionMask = 2147483647;
			files = (
			);
			runOnlyForDeploymentPostprocessing = 0;
		};
/* End PBXResourcesBuildPhase section */

/* Begin PBXShellScriptBuildPhase section */
		028330F04E9ABFBE72ADE646 /* Check Pods Manifest.lock */ = {
			isa = PBXShellScriptBuildPhase;
			buildActionMask = 2147483647;
			files = (
			);
			inputPaths = (
			);
			name = "Check Pods Manifest.lock";
			outputPaths = (
			);
			runOnlyForDeploymentPostprocessing = 0;
			shellPath = /bin/sh;
			shellScript = "diff \"${PODS_ROOT}/../Podfile.lock\" \"${PODS_ROOT}/Manifest.lock\" > /dev/null\nif [[ $? != 0 ]] ; then\n    cat << EOM\nerror: The sandbox is not in sync with the Podfile.lock. Run 'pod install' or update your CocoaPods installation.\nEOM\n    exit 1\nfi\n";
			showEnvVarsInLog = 0;
		};
		82C57329E5F3460A09AB56F9 /* Copy Pods Resources */ = {
			isa = PBXShellScriptBuildPhase;
			buildActionMask = 2147483647;
			files = (
			);
			inputPaths = (
			);
			name = "Copy Pods Resources";
			outputPaths = (
			);
			runOnlyForDeploymentPostprocessing = 0;
			shellPath = /bin/sh;
			shellScript = "\"${SRCROOT}/Pods/Target Support Files/Pods/Pods-resources.sh\"\n";
			showEnvVarsInLog = 0;
		};
/* End PBXShellScriptBuildPhase section */

/* Begin PBXSourcesBuildPhase section */
		3B6F54871A9CD51E008F6508 /* Sources */ = {
			isa = PBXSourcesBuildPhase;
			buildActionMask = 2147483647;
			files = (
				3BE38AB01AD762FB00830511 /* LoginViewController.swift in Sources */,
				3BE853F01B02807B0009DE3B /* MealsTableViewController.swift in Sources */,
				3B6F54B11A9CD64A008F6508 /* UIColor+Extension.swift in Sources */,
				3B8816091AE0262C00E4B09D /* RestaurantDetailsTableViewController.swift in Sources */,
				3BE853F21B0280DF0009DE3B /* Meal.swift in Sources */,
				3B8DC2A41AD70F87002198CA /* CameraFocusBox.swift in Sources */,
				3B8DC2A21AD70F68002198CA /* Regex.swift in Sources */,
				3B6F54931A9CD51E008F6508 /* ViewController.swift in Sources */,
				3BED176B1AD6DEBF005DEA44 /* Double+Extension.swift in Sources */,
				3B55494A1B0110CC009E7A34 /* ReviewTableViewController.swift in Sources */,
				3BE853EE1B027F570009DE3B /* PFUser+Extension.swift in Sources */,
				3B8174881AF6C3770029AEDD /* RedeemViewController.swift in Sources */,
				3B55494E1B011108009E7A34 /* TextViewTableViewCell.swift in Sources */,
				3B573A4B1AE8255400518071 /* PFCloud+Extension.swift in Sources */,
				3B6F54DB1A9CE4C9008F6508 /* String+Extension.swift in Sources */,
				3B6F54911A9CD51E008F6508 /* AppDelegate.swift in Sources */,
				3B4293141AC38E830064B38F /* UIImage+Rotation.swift in Sources */,
				3B8174851AF6C1F20029AEDD /* QRCodeImageView.swift in Sources */,
				3BED175A1AD63158005DEA44 /* RewardsDetailsTableViewController.swift in Sources */,
				3B573A4D1AE84DCC00518071 /* Review.swift in Sources */,
				3B55494C1B0110F7009E7A34 /* StarRatingTableViewCell.swift in Sources */,
				3B88D33D1AA0D27D0054388D /* ASStarRatingView.m in Sources */,
				3BE3CD171ADB1C9900DB7EA8 /* NearbyRestaurantsMapViewController.swift in Sources */,
				3B4FE6021AE075C000CB0F6D /* Constants.swift in Sources */,
				3BF6754E1B2142DC000C7860 /* ImportantInformationView.swift in Sources */,
			);
			runOnlyForDeploymentPostprocessing = 0;
		};
		3B6F549C1A9CD51F008F6508 /* Sources */ = {
			isa = PBXSourcesBuildPhase;
			buildActionMask = 2147483647;
			files = (
				3B6F54A71A9CD51F008F6508 /* Reviewify_MVPTests.swift in Sources */,
			);
			runOnlyForDeploymentPostprocessing = 0;
		};
/* End PBXSourcesBuildPhase section */

/* Begin PBXTargetDependency section */
		3B6F54A21A9CD51F008F6508 /* PBXTargetDependency */ = {
			isa = PBXTargetDependency;
			target = 3B6F548A1A9CD51E008F6508 /* Speakeasy */;
			targetProxy = 3B6F54A11A9CD51F008F6508 /* PBXContainerItemProxy */;
		};
/* End PBXTargetDependency section */

/* Begin PBXVariantGroup section */
		3B6F54941A9CD51E008F6508 /* Main.storyboard */ = {
			isa = PBXVariantGroup;
			children = (
				3B6F54951A9CD51E008F6508 /* Base */,
			);
			name = Main.storyboard;
			path = .;
			sourceTree = "<group>";
		};
		3B6F54991A9CD51E008F6508 /* LaunchScreen.xib */ = {
			isa = PBXVariantGroup;
			children = (
				3B6F549A1A9CD51E008F6508 /* Base */,
			);
			name = LaunchScreen.xib;
			path = .;
			sourceTree = "<group>";
		};
/* End PBXVariantGroup section */

/* Begin XCBuildConfiguration section */
		3B6F54A81A9CD51F008F6508 /* Debug */ = {
			isa = XCBuildConfiguration;
			buildSettings = {
				ALWAYS_SEARCH_USER_PATHS = NO;
				CLANG_CXX_LANGUAGE_STANDARD = "gnu++0x";
				CLANG_CXX_LIBRARY = "libc++";
				CLANG_ENABLE_MODULES = YES;
				CLANG_ENABLE_OBJC_ARC = YES;
				CLANG_WARN_BOOL_CONVERSION = YES;
				CLANG_WARN_CONSTANT_CONVERSION = YES;
				CLANG_WARN_DIRECT_OBJC_ISA_USAGE = YES_ERROR;
				CLANG_WARN_EMPTY_BODY = YES;
				CLANG_WARN_ENUM_CONVERSION = YES;
				CLANG_WARN_INT_CONVERSION = YES;
				CLANG_WARN_OBJC_ROOT_CLASS = YES_ERROR;
				CLANG_WARN_UNREACHABLE_CODE = YES;
				CLANG_WARN__DUPLICATE_METHOD_MATCH = YES;
				"CODE_SIGN_IDENTITY[sdk=iphoneos*]" = "iPhone Developer";
				COPY_PHASE_STRIP = NO;
				ENABLE_STRICT_OBJC_MSGSEND = YES;
				FRAMEWORK_SEARCH_PATHS = "/Users/brycelanglotz/Documents/iOS-App/Reviewify\\ MVP/Reviewify\\ MVP/";
				GCC_C_LANGUAGE_STANDARD = gnu99;
				GCC_DYNAMIC_NO_PIC = NO;
				GCC_OPTIMIZATION_LEVEL = 0;
				GCC_PREPROCESSOR_DEFINITIONS = (
					"DEBUG=1",
					"$(inherited)",
				);
				GCC_SYMBOLS_PRIVATE_EXTERN = NO;
				GCC_WARN_64_TO_32_BIT_CONVERSION = YES;
				GCC_WARN_ABOUT_RETURN_TYPE = YES_ERROR;
				GCC_WARN_UNDECLARED_SELECTOR = YES;
				GCC_WARN_UNINITIALIZED_AUTOS = YES_AGGRESSIVE;
				GCC_WARN_UNUSED_FUNCTION = YES;
				GCC_WARN_UNUSED_VARIABLE = YES;
				IPHONEOS_DEPLOYMENT_TARGET = 8.1;
				MTL_ENABLE_DEBUG_INFO = YES;
				ONLY_ACTIVE_ARCH = YES;
				SDKROOT = iphoneos;
				SWIFT_OPTIMIZATION_LEVEL = "-Onone";
				TARGETED_DEVICE_FAMILY = "1,2";
			};
			name = Debug;
		};
		3B6F54A91A9CD51F008F6508 /* Release */ = {
			isa = XCBuildConfiguration;
			buildSettings = {
				ALWAYS_SEARCH_USER_PATHS = NO;
				CLANG_CXX_LANGUAGE_STANDARD = "gnu++0x";
				CLANG_CXX_LIBRARY = "libc++";
				CLANG_ENABLE_MODULES = YES;
				CLANG_ENABLE_OBJC_ARC = YES;
				CLANG_WARN_BOOL_CONVERSION = YES;
				CLANG_WARN_CONSTANT_CONVERSION = YES;
				CLANG_WARN_DIRECT_OBJC_ISA_USAGE = YES_ERROR;
				CLANG_WARN_EMPTY_BODY = YES;
				CLANG_WARN_ENUM_CONVERSION = YES;
				CLANG_WARN_INT_CONVERSION = YES;
				CLANG_WARN_OBJC_ROOT_CLASS = YES_ERROR;
				CLANG_WARN_UNREACHABLE_CODE = YES;
				CLANG_WARN__DUPLICATE_METHOD_MATCH = YES;
				"CODE_SIGN_IDENTITY[sdk=iphoneos*]" = "iPhone Developer";
				COPY_PHASE_STRIP = YES;
				ENABLE_NS_ASSERTIONS = NO;
				ENABLE_STRICT_OBJC_MSGSEND = YES;
				FRAMEWORK_SEARCH_PATHS = "/Users/brycelanglotz/Documents/iOS-App/Reviewify\\ MVP/Reviewify\\ MVP/";
				GCC_C_LANGUAGE_STANDARD = gnu99;
				GCC_WARN_64_TO_32_BIT_CONVERSION = YES;
				GCC_WARN_ABOUT_RETURN_TYPE = YES_ERROR;
				GCC_WARN_UNDECLARED_SELECTOR = YES;
				GCC_WARN_UNINITIALIZED_AUTOS = YES_AGGRESSIVE;
				GCC_WARN_UNUSED_FUNCTION = YES;
				GCC_WARN_UNUSED_VARIABLE = YES;
				IPHONEOS_DEPLOYMENT_TARGET = 8.1;
				MTL_ENABLE_DEBUG_INFO = NO;
				SDKROOT = iphoneos;
				TARGETED_DEVICE_FAMILY = "1,2";
				VALIDATE_PRODUCT = YES;
			};
			name = Release;
		};
		3B6F54AB1A9CD51F008F6508 /* Debug */ = {
			isa = XCBuildConfiguration;
			baseConfigurationReference = C9AF4DA62E1422BC486CCE67 /* Pods.debug.xcconfig */;
			buildSettings = {
				ASSETCATALOG_COMPILER_APPICON_NAME = AppIcon;
				CLANG_ENABLE_MODULES = YES;
				CODE_SIGN_IDENTITY = "iPhone Developer";
				FRAMEWORK_SEARCH_PATHS = (
					"$(inherited)",
					"$(PROJECT_DIR)/Reviewify",
					MVP,
				);
				INFOPLIST_FILE = "Reviewify MVP/Supporting Files/Info.plist";
				IPHONEOS_DEPLOYMENT_TARGET = 8.0;
				LD_RUNPATH_SEARCH_PATHS = "$(inherited) @executable_path/Frameworks";
				PRODUCT_NAME = Speakeasy;
				SWIFT_OBJC_BRIDGING_HEADER = "Reviewify MVP/Supporting Files/Reviewify MVP-Bridging-Header.h";
				SWIFT_OPTIMIZATION_LEVEL = "-Onone";
				TARGETED_DEVICE_FAMILY = 1;
			};
			name = Debug;
		};
		3B6F54AC1A9CD51F008F6508 /* Release */ = {
			isa = XCBuildConfiguration;
			baseConfigurationReference = B29C8D25CF4DBF4FE3B8B94B /* Pods.release.xcconfig */;
			buildSettings = {
				ASSETCATALOG_COMPILER_APPICON_NAME = AppIcon;
				CLANG_ENABLE_MODULES = YES;
				CODE_SIGN_IDENTITY = "iPhone Developer";
				FRAMEWORK_SEARCH_PATHS = (
					"$(inherited)",
					"$(PROJECT_DIR)/Reviewify",
					MVP,
				);
				INFOPLIST_FILE = "Reviewify MVP/Supporting Files/Info.plist";
				IPHONEOS_DEPLOYMENT_TARGET = 8.0;
				LD_RUNPATH_SEARCH_PATHS = "$(inherited) @executable_path/Frameworks";
				PRODUCT_NAME = Speakeasy;
				SWIFT_OBJC_BRIDGING_HEADER = "Reviewify MVP/Supporting Files/Reviewify MVP-Bridging-Header.h";
				TARGETED_DEVICE_FAMILY = 1;
			};
			name = Release;
		};
		3B6F54AE1A9CD51F008F6508 /* Debug */ = {
			isa = XCBuildConfiguration;
			buildSettings = {
				BUNDLE_LOADER = "$(TEST_HOST)";
				FRAMEWORK_SEARCH_PATHS = (
					"$(SDKROOT)/Developer/Library/Frameworks",
					"$(inherited)",
				);
				GCC_PREPROCESSOR_DEFINITIONS = (
					"DEBUG=1",
					"$(inherited)",
				);
				INFOPLIST_FILE = "Reviewify MVPTests/Supporting Files/Info.plist";
				LD_RUNPATH_SEARCH_PATHS = "$(inherited) @executable_path/Frameworks @loader_path/Frameworks";
				PRODUCT_NAME = SpeakeasyTests;
				TEST_HOST = "$(BUILT_PRODUCTS_DIR)/Speakeasy.app/Speakeasy";
			};
			name = Debug;
		};
		3B6F54AF1A9CD51F008F6508 /* Release */ = {
			isa = XCBuildConfiguration;
			buildSettings = {
				BUNDLE_LOADER = "$(TEST_HOST)";
				FRAMEWORK_SEARCH_PATHS = (
					"$(SDKROOT)/Developer/Library/Frameworks",
					"$(inherited)",
				);
				INFOPLIST_FILE = "Reviewify MVPTests/Supporting Files/Info.plist";
				LD_RUNPATH_SEARCH_PATHS = "$(inherited) @executable_path/Frameworks @loader_path/Frameworks";
				PRODUCT_NAME = SpeakeasyTests;
				TEST_HOST = "$(BUILT_PRODUCTS_DIR)/Speakeasy.app/Speakeasy";
			};
			name = Release;
		};
/* End XCBuildConfiguration section */

/* Begin XCConfigurationList section */
		3B6F54861A9CD51E008F6508 /* Build configuration list for PBXProject "Speakeasy" */ = {
			isa = XCConfigurationList;
			buildConfigurations = (
				3B6F54A81A9CD51F008F6508 /* Debug */,
				3B6F54A91A9CD51F008F6508 /* Release */,
			);
			defaultConfigurationIsVisible = 0;
			defaultConfigurationName = Release;
		};
		3B6F54AA1A9CD51F008F6508 /* Build configuration list for PBXNativeTarget "Speakeasy" */ = {
			isa = XCConfigurationList;
			buildConfigurations = (
				3B6F54AB1A9CD51F008F6508 /* Debug */,
				3B6F54AC1A9CD51F008F6508 /* Release */,
			);
			defaultConfigurationIsVisible = 0;
			defaultConfigurationName = Release;
		};
		3B6F54AD1A9CD51F008F6508 /* Build configuration list for PBXNativeTarget "SpeakeasyTests" */ = {
			isa = XCConfigurationList;
			buildConfigurations = (
				3B6F54AE1A9CD51F008F6508 /* Debug */,
				3B6F54AF1A9CD51F008F6508 /* Release */,
			);
			defaultConfigurationIsVisible = 0;
			defaultConfigurationName = Release;
		};
/* End XCConfigurationList section */
	};
	rootObject = 3B6F54831A9CD51E008F6508 /* Project object */;
}
